
Microsoft Visual Studio Solution File, Format Version 12.00
Project("{FAE04EC0-301F-11D3-BF4B-00C04F79EFBC}") = "BiosPasswordGenerator", "BiosPasswordGenerator\BiosPasswordGenerator.csproj", "{8CDFB756-746A-40BE-89EC-193BEC362BB3}"
EndProject
Global
	GlobalSection(SolutionConfigurationPlatforms) = preSolution
		Debug|Any CPU = Debug|Any CPU
		Release|Any CPU = Release|Any CPU
	EndGlobalSection
	GlobalSection(ProjectConfigurationPlatforms) = postSolution
		{8CDFB756-746A-40BE-89EC-193BEC362BB3}.Debug|Any CPU.ActiveCfg = Debug|Any CPU
		{8CDFB756-746A-40BE-89EC-193BEC362BB3}.Debug|Any CPU.Build.0 = Debug|Any CPU
		{8CDFB756-746A-40BE-89EC-193BEC362BB3}.Release|Any CPU.ActiveCfg = Release|Any CPU
		{8CDFB756-746A-40BE-89EC-193BEC362BB3}.Release|Any CPU.Build.0 = Release|Any CPU
	EndGlobalSection
EndGlobal
